
Microsoft Visual Studio Solution File, Format Version 12.00
# Visual Studio Version 16
VisualStudioVersion = 16.0.32228.343
MinimumVisualStudioVersion = 10.0.40219.1
Project("{9A19103F-16F7-4668-BE54-9A1E7A4F7556}") = "Lab03-System.IO", "Lab03-System.IO\Lab03-System.IO.csproj", "{7B549CA0-A95A-43F9-8E6B-E4FAFBAC2BE5}"
EndProject
Project("{FAE04EC0-301F-11D3-BF4B-00C04F79EFBC}") = "xUnitTest", "xUnitTest\xUnitTest.csproj", "{14A3B56E-4423-4C1A-A669-DB5A8453578D}"
EndProject
Global
	GlobalSection(SolutionConfigurationPlatforms) = preSolution
		Debug|Any CPU = Debug|Any CPU
		Release|Any CPU = Release|Any CPU
	EndGlobalSection
	GlobalSection(ProjectConfigurationPlatforms) = postSolution
		{7B549CA0-A95A-43F9-8E6B-E4FAFBAC2BE5}.Debug|Any CPU.ActiveCfg = Debug|Any CPU
		{7B549CA0-A95A-43F9-8E6B-E4FAFBAC2BE5}.Debug|Any CPU.Build.0 = Debug|Any CPU
		{7B549CA0-A95A-43F9-8E6B-E4FAFBAC2BE5}.Release|Any CPU.ActiveCfg = Release|Any CPU
		{7B549CA0-A95A-43F9-8E6B-E4FAFBAC2BE5}.Release|Any CPU.Build.0 = Release|Any CPU
		{14A3B56E-4423-4C1A-A669-DB5A8453578D}.Debug|Any CPU.ActiveCfg = Debug|Any CPU
		{14A3B56E-4423-4C1A-A669-DB5A8453578D}.Debug|Any CPU.Build.0 = Debug|Any CPU
		{14A3B56E-4423-4C1A-A669-DB5A8453578D}.Release|Any CPU.ActiveCfg = Release|Any CPU
		{14A3B56E-4423-4C1A-A669-DB5A8453578D}.Release|Any CPU.Build.0 = Release|Any CPU
	EndGlobalSection
	GlobalSection(SolutionProperties) = preSolution
		HideSolutionNode = FALSE
	EndGlobalSection
	GlobalSection(ExtensibilityGlobals) = postSolution
		SolutionGuid = {C5A5D618-471C-408E-B13B-2B322C26BE78}
	EndGlobalSection
EndGlobal
